
Microsoft Visual Studio Solution File, Format Version 12.00
# Visual Studio Version 16
VisualStudioVersion = 16.0.34729.46
MinimumVisualStudioVersion = 10.0.40219.1
Project("{FAE04EC0-301F-11D3-BF4B-00C04F79EFBC}") = "QuanLiHocSinh", "QuanLiHocSinh\QuanLiHocSinh.csproj", "{8BB307F9-8EC7-45FD-94CE-0DE5AD88EB5F}"
EndProject
Global
	GlobalSection(SolutionConfigurationPlatforms) = preSolution
		Debug|Any CPU = Debug|Any CPU
		Release|Any CPU = Release|Any CPU
	EndGlobalSection
	GlobalSection(ProjectConfigurationPlatforms) = postSolution
		{8BB307F9-8EC7-45FD-94CE-0DE5AD88EB5F}.Debug|Any CPU.ActiveCfg = Debug|Any CPU
		{8BB307F9-8EC7-45FD-94CE-0DE5AD88EB5F}.Debug|Any CPU.Build.0 = Debug|Any CPU
		{8BB307F9-8EC7-45FD-94CE-0DE5AD88EB5F}.Release|Any CPU.ActiveCfg = Release|Any CPU
		{8BB307F9-8EC7-45FD-94CE-0DE5AD88EB5F}.Release|Any CPU.Build.0 = Release|Any CPU
	EndGlobalSection
	GlobalSection(SolutionProperties) = preSolution
		HideSolutionNode = FALSE
	EndGlobalSection
	GlobalSection(ExtensibilityGlobals) = postSolution
		SolutionGuid = {EB80D420-3885-4FF7-B543-F995579DFDD4}
	EndGlobalSection
EndGlobal
